
Microsoft Visual Studio Solution File, Format Version 12.00
# Visual Studio Version 17
VisualStudioVersion = 17.7.34031.279
MinimumVisualStudioVersion = 10.0.40219.1
Project("{9A19103F-16F7-4668-BE54-9A1E7A4F7556}") = "TaskComplete", "TaskComplete\TaskComplete.csproj", "{204146A5-B1C6-425D-B27E-EB931EB6BCA1}"
EndProject
Global
	GlobalSection(SolutionConfigurationPlatforms) = preSolution
		Debug|Any CPU = Debug|Any CPU
		Release|Any CPU = Release|Any CPU
	EndGlobalSection
	GlobalSection(ProjectConfigurationPlatforms) = postSolution
		{204146A5-B1C6-425D-B27E-EB931EB6BCA1}.Debug|Any CPU.ActiveCfg = Debug|Any CPU
		{204146A5-B1C6-425D-B27E-EB931EB6BCA1}.Debug|Any CPU.Build.0 = Debug|Any CPU
		{204146A5-B1C6-425D-B27E-EB931EB6BCA1}.Release|Any CPU.ActiveCfg = Release|Any CPU
		{204146A5-B1C6-425D-B27E-EB931EB6BCA1}.Release|Any CPU.Build.0 = Release|Any CPU
	EndGlobalSection
	GlobalSection(SolutionProperties) = preSolution
		HideSolutionNode = FALSE
	EndGlobalSection
	GlobalSection(ExtensibilityGlobals) = postSolution
		SolutionGuid = {DBAAD933-BC0F-467E-B980-5FA4B95725E2}
	EndGlobalSection
EndGlobal
