
Microsoft Visual Studio Solution File, Format Version 12.00
# Visual Studio Version 17
VisualStudioVersion = 17.7.34031.279
MinimumVisualStudioVersion = 10.0.40219.1
Project("{FAE04EC0-301F-11D3-BF4B-00C04F79EFBC}") = "OS_lab2", "OS_lab2\OS_lab2.csproj", "{EE1D1368-62F0-41C3-BAC7-06CFE7D3C2D3}"
EndProject
Global
	GlobalSection(SolutionConfigurationPlatforms) = preSolution
		Debug|Any CPU = Debug|Any CPU
		Release|Any CPU = Release|Any CPU
	EndGlobalSection
	GlobalSection(ProjectConfigurationPlatforms) = postSolution
		{EE1D1368-62F0-41C3-BAC7-06CFE7D3C2D3}.Debug|Any CPU.ActiveCfg = Debug|Any CPU
		{EE1D1368-62F0-41C3-BAC7-06CFE7D3C2D3}.Debug|Any CPU.Build.0 = Debug|Any CPU
		{EE1D1368-62F0-41C3-BAC7-06CFE7D3C2D3}.Release|Any CPU.ActiveCfg = Release|Any CPU
		{EE1D1368-62F0-41C3-BAC7-06CFE7D3C2D3}.Release|Any CPU.Build.0 = Release|Any CPU
	EndGlobalSection
	GlobalSection(SolutionProperties) = preSolution
		HideSolutionNode = FALSE
	EndGlobalSection
	GlobalSection(ExtensibilityGlobals) = postSolution
		SolutionGuid = {E519DB0C-AE74-4E8C-A9B3-0E392BDB6D5D}
	EndGlobalSection
EndGlobal
